
Microsoft Visual Studio Solution File, Format Version 12.00
# Visual Studio Version 16
VisualStudioVersion = 16.0.28917.181
MinimumVisualStudioVersion = 10.0.40219.1
Project("{FAE04EC0-301F-11D3-BF4B-00C04F79EFBC}") = "AzureFunctionsPipeline", "AzureFunctionsPipeline\AzureFunctionsPipeline.csproj", "{3E8A720A-7E67-4CF8-91A4-6A794AA6147E}"
EndProject
Project("{FAE04EC0-301F-11D3-BF4B-00C04F79EFBC}") = "AzureFunctionsCommon", "AzureFunctionsCommon\AzureFunctionsCommon.csproj", "{1AF05BE6-22D9-44BF-94E2-6A9D27FBF73D}"
EndProject
Project("{FAE04EC0-301F-11D3-BF4B-00C04F79EFBC}") = "TriggerPipeline", "TriggerPipeline\TriggerPipeline.csproj", "{23632A14-5EDB-4EA1-89FB-8B73D001537E}"
EndProject
Global
	GlobalSection(SolutionConfigurationPlatforms) = preSolution
		Debug|Any CPU = Debug|Any CPU
		Release|Any CPU = Release|Any CPU
	EndGlobalSection
	GlobalSection(ProjectConfigurationPlatforms) = postSolution
		{3E8A720A-7E67-4CF8-91A4-6A794AA6147E}.Debug|Any CPU.ActiveCfg = Debug|Any CPU
		{3E8A720A-7E67-4CF8-91A4-6A794AA6147E}.Debug|Any CPU.Build.0 = Debug|Any CPU
		{3E8A720A-7E67-4CF8-91A4-6A794AA6147E}.Release|Any CPU.ActiveCfg = Release|Any CPU
		{3E8A720A-7E67-4CF8-91A4-6A794AA6147E}.Release|Any CPU.Build.0 = Release|Any CPU
		{1AF05BE6-22D9-44BF-94E2-6A9D27FBF73D}.Debug|Any CPU.ActiveCfg = Debug|Any CPU
		{1AF05BE6-22D9-44BF-94E2-6A9D27FBF73D}.Debug|Any CPU.Build.0 = Debug|Any CPU
		{1AF05BE6-22D9-44BF-94E2-6A9D27FBF73D}.Release|Any CPU.ActiveCfg = Release|Any CPU
		{1AF05BE6-22D9-44BF-94E2-6A9D27FBF73D}.Release|Any CPU.Build.0 = Release|Any CPU
		{23632A14-5EDB-4EA1-89FB-8B73D001537E}.Debug|Any CPU.ActiveCfg = Debug|Any CPU
		{23632A14-5EDB-4EA1-89FB-8B73D001537E}.Debug|Any CPU.Build.0 = Debug|Any CPU
		{23632A14-5EDB-4EA1-89FB-8B73D001537E}.Release|Any CPU.ActiveCfg = Release|Any CPU
		{23632A14-5EDB-4EA1-89FB-8B73D001537E}.Release|Any CPU.Build.0 = Release|Any CPU
	EndGlobalSection
	GlobalSection(SolutionProperties) = preSolution
		HideSolutionNode = FALSE
	EndGlobalSection
	GlobalSection(ExtensibilityGlobals) = postSolution
		SolutionGuid = {15447C63-9E05-46A3-B155-242D8237CAD9}
	EndGlobalSection
EndGlobal
